
Microsoft Visual Studio Solution File, Format Version 12.00
# Visual Studio Version 17
VisualStudioVersion = 17.1.32228.430
MinimumVisualStudioVersion = 10.0.40219.1
Project("{9A19103F-16F7-4668-BE54-9A1E7A4F7556}") = "hostSocket", "hostSocket.csproj", "{8BE490B3-5750-4C37-87C9-D884B2E5BED3}"
EndProject
Global
	GlobalSection(SolutionConfigurationPlatforms) = preSolution
		Debug|Any CPU = Debug|Any CPU
		Release|Any CPU = Release|Any CPU
	EndGlobalSection
	GlobalSection(ProjectConfigurationPlatforms) = postSolution
		{8BE490B3-5750-4C37-87C9-D884B2E5BED3}.Debug|Any CPU.ActiveCfg = Debug|Any CPU
		{8BE490B3-5750-4C37-87C9-D884B2E5BED3}.Debug|Any CPU.Build.0 = Debug|Any CPU
		{8BE490B3-5750-4C37-87C9-D884B2E5BED3}.Release|Any CPU.ActiveCfg = Release|Any CPU
		{8BE490B3-5750-4C37-87C9-D884B2E5BED3}.Release|Any CPU.Build.0 = Release|Any CPU
	EndGlobalSection
	GlobalSection(SolutionProperties) = preSolution
		HideSolutionNode = FALSE
	EndGlobalSection
	GlobalSection(ExtensibilityGlobals) = postSolution
		SolutionGuid = {25C33044-556D-45FA-BD5B-EDA42319C644}
	EndGlobalSection
EndGlobal
